
Microsoft Visual Studio Solution File, Format Version 12.00
Project("{FAE04EC0-301F-11D3-BF4B-00C04F79EFBC}") = "Fundamentals", "Fundamentals\Fundamentals.csproj", "{100700CC-2579-4434-815D-F2FC2FE140A3}"
EndProject
Global
	GlobalSection(SolutionConfigurationPlatforms) = preSolution
		Debug|Any CPU = Debug|Any CPU
		Release|Any CPU = Release|Any CPU
	EndGlobalSection
	GlobalSection(ProjectConfigurationPlatforms) = postSolution
		{100700CC-2579-4434-815D-F2FC2FE140A3}.Debug|Any CPU.ActiveCfg = Debug|Any CPU
		{100700CC-2579-4434-815D-F2FC2FE140A3}.Debug|Any CPU.Build.0 = Debug|Any CPU
		{100700CC-2579-4434-815D-F2FC2FE140A3}.Release|Any CPU.ActiveCfg = Release|Any CPU
		{100700CC-2579-4434-815D-F2FC2FE140A3}.Release|Any CPU.Build.0 = Release|Any CPU
	EndGlobalSection
EndGlobal
